
Microsoft Visual Studio Solution File, Format Version 12.00
# Visual Studio Version 17
VisualStudioVersion = 17.14.36203.30 d17.14
MinimumVisualStudioVersion = 10.0.40219.1
Project("{FAE04EC0-301F-11D3-BF4B-00C04F79EFBC}") = "NvimWinFormsGui", "NvimWinFormsGui\NvimWinFormsGui.csproj", "{4535DCA4-9C58-4020-8871-C825350060CA}"
EndProject
Global
	GlobalSection(SolutionConfigurationPlatforms) = preSolution
		Debug|Any CPU = Debug|Any CPU
		Release|Any CPU = Release|Any CPU
	EndGlobalSection
	GlobalSection(ProjectConfigurationPlatforms) = postSolution
		{4535DCA4-9C58-4020-8871-C825350060CA}.Debug|Any CPU.ActiveCfg = Debug|Any CPU
		{4535DCA4-9C58-4020-8871-C825350060CA}.Debug|Any CPU.Build.0 = Debug|Any CPU
		{4535DCA4-9C58-4020-8871-C825350060CA}.Release|Any CPU.ActiveCfg = Release|Any CPU
		{4535DCA4-9C58-4020-8871-C825350060CA}.Release|Any CPU.Build.0 = Release|Any CPU
	EndGlobalSection
	GlobalSection(SolutionProperties) = preSolution
		HideSolutionNode = FALSE
	EndGlobalSection
	GlobalSection(ExtensibilityGlobals) = postSolution
		SolutionGuid = {390B9C1C-B032-4779-8834-A1A7696FEF9C}
	EndGlobalSection
EndGlobal
